
Microsoft Visual Studio Solution File, Format Version 12.00
# Visual Studio 15
VisualStudioVersion = 15.0.28307.1062
MinimumVisualStudioVersion = 10.0.40219.1
Project("{9A19103F-16F7-4668-BE54-9A1E7A4F7556}") = "AdventOfCode2020", "AdventOfCode\AdventOfCode2020.csproj", "{597B6E44-655B-4C9C-A6E6-01A370146F5A}"
EndProject
Project("{9A19103F-16F7-4668-BE54-9A1E7A4F7556}") = "TestHarness", "TestHarness\TestHarness.csproj", "{4AD40201-803E-4D90-9510-43029B364B1A}"
EndProject
Global
	GlobalSection(SolutionConfigurationPlatforms) = preSolution
		Debug|Any CPU = Debug|Any CPU
		Release|Any CPU = Release|Any CPU
	EndGlobalSection
	GlobalSection(ProjectConfigurationPlatforms) = postSolution
		{597B6E44-655B-4C9C-A6E6-01A370146F5A}.Debug|Any CPU.ActiveCfg = Debug|Any CPU
		{597B6E44-655B-4C9C-A6E6-01A370146F5A}.Debug|Any CPU.Build.0 = Debug|Any CPU
		{597B6E44-655B-4C9C-A6E6-01A370146F5A}.Release|Any CPU.ActiveCfg = Release|Any CPU
		{597B6E44-655B-4C9C-A6E6-01A370146F5A}.Release|Any CPU.Build.0 = Release|Any CPU
		{4AD40201-803E-4D90-9510-43029B364B1A}.Debug|Any CPU.ActiveCfg = Debug|Any CPU
		{4AD40201-803E-4D90-9510-43029B364B1A}.Debug|Any CPU.Build.0 = Debug|Any CPU
		{4AD40201-803E-4D90-9510-43029B364B1A}.Release|Any CPU.ActiveCfg = Release|Any CPU
		{4AD40201-803E-4D90-9510-43029B364B1A}.Release|Any CPU.Build.0 = Release|Any CPU
	EndGlobalSection
	GlobalSection(SolutionProperties) = preSolution
		HideSolutionNode = FALSE
	EndGlobalSection
	GlobalSection(ExtensibilityGlobals) = postSolution
		SolutionGuid = {2DCEF393-CD0C-4C4E-8ED7-7BA5D4D0E150}
	EndGlobalSection
EndGlobal
